
Microsoft Visual Studio Solution File, Format Version 12.00
# Visual Studio Version 17
VisualStudioVersion = 17.0.32112.339
MinimumVisualStudioVersion = 10.0.40219.1
Project("{8BC9CEB8-8B4A-11D0-8D11-00A0C91BC942}") = "000형상관리툴scm", "ConsoleApplication1\ConsoleApplication1.vcxproj", "{BEF2FED3-AB7A-49C2-A93B-7C6635D1EB5C}"
EndProject
Project("{8BC9CEB8-8B4A-11D0-8D11-00A0C91BC942}") = "002프로젝트project", "프로젝트project\프로젝트project.vcxproj", "{5FF130DD-E14E-4D0A-863E-70444A37942F}"
EndProject
Project("{8BC9CEB8-8B4A-11D0-8D11-00A0C91BC942}") = "003컴파일과정compile", "003컴파일complie\003컴파일complie.vcxproj", "{F72A79FF-6F83-433E-B6EF-D684D50251B1}"
EndProject
Project("{8BC9CEB8-8B4A-11D0-8D11-00A0C91BC942}") = "001영역기본개념", "001영역기본개념\001영역기본개념.vcxproj", "{9C87BB49-193C-4299-BFC7-F88901300D7A}"
EndProject
Project("{2150E333-8FDC-42A3-9474-1A3956D46DE8}") = "Solution Items", "Solution Items", "{D442D0A5-E6A9-4995-82B3-A5464687B0DD}"
	ProjectSection(SolutionItems) = preProject
		단축키메모.txt = 단축키메모.txt
		연습용메모장.txt = 연습용메모장.txt
		연습장.txt = 연습장.txt
	EndProjectSection
EndProject
Project("{8BC9CEB8-8B4A-11D0-8D11-00A0C91BC942}") = "004프로세스", "004프로세스\004프로세스.vcxproj", "{A993DAFE-A21B-490F-94B8-74FE230A82AA}"
EndProject
Project("{8BC9CEB8-8B4A-11D0-8D11-00A0C91BC942}") = "005변수Variable", "005변수\005변수.vcxproj", "{947D42E8-B793-494A-A5AD-1027B87393F0}"
EndProject
Project("{8BC9CEB8-8B4A-11D0-8D11-00A0C91BC942}") = "006자료형Datatype", "006자료형Datatype\006자료형Datatype.vcxproj", "{A34BA1A6-3B2D-4C51-B1B9-339F31CAB165}"
EndProject
Project("{8BC9CEB8-8B4A-11D0-8D11-00A0C91BC942}") = "007연산자operater", "007연산자operater\007연산자operater.vcxproj", "{6EFDEAEA-1DE5-457D-868B-C8A8373EFF3D}"
EndProject
Project("{8BC9CEB8-8B4A-11D0-8D11-00A0C91BC942}") = "008비트연산자beatoperator", "008비트연산자beatoperator\008비트연산자beatoperator.vcxproj", "{8DEF7FE9-D20B-4DD6-AC6D-5FDDFD91FA66}"
EndProject
Project("{8BC9CEB8-8B4A-11D0-8D11-00A0C91BC942}") = "009OperatorEx", "009OperatorEx\009OperatorEx.vcxproj", "{CCC14ED0-26AC-405C-9FBC-25F6C5DD4BA7}"
EndProject
Project("{8BC9CEB8-8B4A-11D0-8D11-00A0C91BC942}") = "010포인터Pointer", "010포인터Pointer\010포인터Pointer.vcxproj", "{59E680FE-D464-475A-996D-2CE12E9702E7}"
EndProject
Project("{8BC9CEB8-8B4A-11D0-8D11-00A0C91BC942}") = "011사이즈확인법", "011사이즈확인법\011사이즈확인법.vcxproj", "{3736E05C-BA45-4927-9AA1-4530CBF60A26}"
EndProject
Project("{8BC9CEB8-8B4A-11D0-8D11-00A0C91BC942}") = "012포인터연습장", "012포인터연습장\012포인터연습장.vcxproj", "{527B855C-2CD4-41C8-B287-35F9E9513818}"
EndProject
Project("{8BC9CEB8-8B4A-11D0-8D11-00A0C91BC942}") = "013명시적형변환", "013명시적형변환\013명시적형변환.vcxproj", "{D5732E2C-E689-4F83-8DB4-5B3F3A66D72F}"
EndProject
Project("{8BC9CEB8-8B4A-11D0-8D11-00A0C91BC942}") = "014배열Array", "014배열Array\014배열Array.vcxproj", "{922BDC25-675C-4516-8B0B-61D8D4CD9C0A}"
EndProject
Project("{8BC9CEB8-8B4A-11D0-8D11-00A0C91BC942}") = "015포인터활용Pointer", "015포인터활용Pointer\015포인터활용Pointer.vcxproj", "{E106C149-953F-4AEE-9D5C-FADB23D28E90}"
EndProject
Project("{8BC9CEB8-8B4A-11D0-8D11-00A0C91BC942}") = "016포인터함수활용", "016포인터함수활용\016포인터함수활용.vcxproj", "{CD203B6F-9D1F-4603-91F7-ADEC06AB8E1C}"
EndProject
Project("{8BC9CEB8-8B4A-11D0-8D11-00A0C91BC942}") = "017반복문if", "017반복문if\017반복문if.vcxproj", "{7C3424C3-3CFC-4EAE-BCEA-B6F86C05F600}"
EndProject
Project("{8BC9CEB8-8B4A-11D0-8D11-00A0C91BC942}") = "008-1연산자메모", "008-1연산자메모\008-1연산자메모.vcxproj", "{3A42B2C2-B840-4329-BFE1-62A5BD877C25}"
EndProject
Project("{8BC9CEB8-8B4A-11D0-8D11-00A0C91BC942}") = "0001메모장", "0001메모장\0001메모장.vcxproj", "{DBB7E235-E51D-4A8A-8FB7-F96EC7FB4843}"
EndProject
Global
	GlobalSection(SolutionConfigurationPlatforms) = preSolution
		Debug|x64 = Debug|x64
		Debug|x86 = Debug|x86
		Release|x64 = Release|x64
		Release|x86 = Release|x86
	EndGlobalSection
	GlobalSection(ProjectConfigurationPlatforms) = postSolution
		{BEF2FED3-AB7A-49C2-A93B-7C6635D1EB5C}.Debug|x64.ActiveCfg = Debug|x64
		{BEF2FED3-AB7A-49C2-A93B-7C6635D1EB5C}.Debug|x64.Build.0 = Debug|x64
		{BEF2FED3-AB7A-49C2-A93B-7C6635D1EB5C}.Debug|x86.ActiveCfg = Debug|Win32
		{BEF2FED3-AB7A-49C2-A93B-7C6635D1EB5C}.Debug|x86.Build.0 = Debug|Win32
		{BEF2FED3-AB7A-49C2-A93B-7C6635D1EB5C}.Release|x64.ActiveCfg = Release|x64
		{BEF2FED3-AB7A-49C2-A93B-7C6635D1EB5C}.Release|x64.Build.0 = Release|x64
		{BEF2FED3-AB7A-49C2-A93B-7C6635D1EB5C}.Release|x86.ActiveCfg = Release|Win32
		{BEF2FED3-AB7A-49C2-A93B-7C6635D1EB5C}.Release|x86.Build.0 = Release|Win32
		{5FF130DD-E14E-4D0A-863E-70444A37942F}.Debug|x64.ActiveCfg = Debug|x64
		{5FF130DD-E14E-4D0A-863E-70444A37942F}.Debug|x64.Build.0 = Debug|x64
		{5FF130DD-E14E-4D0A-863E-70444A37942F}.Debug|x86.ActiveCfg = Debug|Win32
		{5FF130DD-E14E-4D0A-863E-70444A37942F}.Debug|x86.Build.0 = Debug|Win32
		{5FF130DD-E14E-4D0A-863E-70444A37942F}.Release|x64.ActiveCfg = Release|x64
		{5FF130DD-E14E-4D0A-863E-70444A37942F}.Release|x64.Build.0 = Release|x64
		{5FF130DD-E14E-4D0A-863E-70444A37942F}.Release|x86.ActiveCfg = Release|Win32
		{5FF130DD-E14E-4D0A-863E-70444A37942F}.Release|x86.Build.0 = Release|Win32
		{F72A79FF-6F83-433E-B6EF-D684D50251B1}.Debug|x64.ActiveCfg = Debug|x64
		{F72A79FF-6F83-433E-B6EF-D684D50251B1}.Debug|x64.Build.0 = Debug|x64
		{F72A79FF-6F83-433E-B6EF-D684D50251B1}.Debug|x86.ActiveCfg = Debug|Win32
		{F72A79FF-6F83-433E-B6EF-D684D50251B1}.Debug|x86.Build.0 = Debug|Win32
		{F72A79FF-6F83-433E-B6EF-D684D50251B1}.Release|x64.ActiveCfg = Release|x64
		{F72A79FF-6F83-433E-B6EF-D684D50251B1}.Release|x64.Build.0 = Release|x64
		{F72A79FF-6F83-433E-B6EF-D684D50251B1}.Release|x86.ActiveCfg = Release|Win32
		{F72A79FF-6F83-433E-B6EF-D684D50251B1}.Release|x86.Build.0 = Release|Win32
		{9C87BB49-193C-4299-BFC7-F88901300D7A}.Debug|x64.ActiveCfg = Debug|x64
		{9C87BB49-193C-4299-BFC7-F88901300D7A}.Debug|x64.Build.0 = Debug|x64
		{9C87BB49-193C-4299-BFC7-F88901300D7A}.Debug|x86.ActiveCfg = Debug|Win32
		{9C87BB49-193C-4299-BFC7-F88901300D7A}.Debug|x86.Build.0 = Debug|Win32
		{9C87BB49-193C-4299-BFC7-F88901300D7A}.Release|x64.ActiveCfg = Release|x64
		{9C87BB49-193C-4299-BFC7-F88901300D7A}.Release|x64.Build.0 = Release|x64
		{9C87BB49-193C-4299-BFC7-F88901300D7A}.Release|x86.ActiveCfg = Release|Win32
		{9C87BB49-193C-4299-BFC7-F88901300D7A}.Release|x86.Build.0 = Release|Win32
		{A993DAFE-A21B-490F-94B8-74FE230A82AA}.Debug|x64.ActiveCfg = Debug|x64
		{A993DAFE-A21B-490F-94B8-74FE230A82AA}.Debug|x64.Build.0 = Debug|x64
		{A993DAFE-A21B-490F-94B8-74FE230A82AA}.Debug|x86.ActiveCfg = Debug|Win32
		{A993DAFE-A21B-490F-94B8-74FE230A82AA}.Debug|x86.Build.0 = Debug|Win32
		{A993DAFE-A21B-490F-94B8-74FE230A82AA}.Release|x64.ActiveCfg = Release|x64
		{A993DAFE-A21B-490F-94B8-74FE230A82AA}.Release|x64.Build.0 = Release|x64
		{A993DAFE-A21B-490F-94B8-74FE230A82AA}.Release|x86.ActiveCfg = Release|Win32
		{A993DAFE-A21B-490F-94B8-74FE230A82AA}.Release|x86.Build.0 = Release|Win32
		{947D42E8-B793-494A-A5AD-1027B87393F0}.Debug|x64.ActiveCfg = Debug|x64
		{947D42E8-B793-494A-A5AD-1027B87393F0}.Debug|x64.Build.0 = Debug|x64
		{947D42E8-B793-494A-A5AD-1027B87393F0}.Debug|x86.ActiveCfg = Debug|Win32
		{947D42E8-B793-494A-A5AD-1027B87393F0}.Debug|x86.Build.0 = Debug|Win32
		{947D42E8-B793-494A-A5AD-1027B87393F0}.Release|x64.ActiveCfg = Release|x64
		{947D42E8-B793-494A-A5AD-1027B87393F0}.Release|x64.Build.0 = Release|x64
		{947D42E8-B793-494A-A5AD-1027B87393F0}.Release|x86.ActiveCfg = Release|Win32
		{947D42E8-B793-494A-A5AD-1027B87393F0}.Release|x86.Build.0 = Release|Win32
		{A34BA1A6-3B2D-4C51-B1B9-339F31CAB165}.Debug|x64.ActiveCfg = Debug|x64
		{A34BA1A6-3B2D-4C51-B1B9-339F31CAB165}.Debug|x64.Build.0 = Debug|x64
		{A34BA1A6-3B2D-4C51-B1B9-339F31CAB165}.Debug|x86.ActiveCfg = Debug|Win32
		{A34BA1A6-3B2D-4C51-B1B9-339F31CAB165}.Debug|x86.Build.0 = Debug|Win32
		{A34BA1A6-3B2D-4C51-B1B9-339F31CAB165}.Release|x64.ActiveCfg = Release|x64
		{A34BA1A6-3B2D-4C51-B1B9-339F31CAB165}.Release|x64.Build.0 = Release|x64
		{A34BA1A6-3B2D-4C51-B1B9-339F31CAB165}.Release|x86.ActiveCfg = Release|Win32
		{A34BA1A6-3B2D-4C51-B1B9-339F31CAB165}.Release|x86.Build.0 = Release|Win32
		{6EFDEAEA-1DE5-457D-868B-C8A8373EFF3D}.Debug|x64.ActiveCfg = Debug|x64
		{6EFDEAEA-1DE5-457D-868B-C8A8373EFF3D}.Debug|x64.Build.0 = Debug|x64
		{6EFDEAEA-1DE5-457D-868B-C8A8373EFF3D}.Debug|x86.ActiveCfg = Debug|Win32
		{6EFDEAEA-1DE5-457D-868B-C8A8373EFF3D}.Debug|x86.Build.0 = Debug|Win32
		{6EFDEAEA-1DE5-457D-868B-C8A8373EFF3D}.Release|x64.ActiveCfg = Release|x64
		{6EFDEAEA-1DE5-457D-868B-C8A8373EFF3D}.Release|x64.Build.0 = Release|x64
		{6EFDEAEA-1DE5-457D-868B-C8A8373EFF3D}.Release|x86.ActiveCfg = Release|Win32
		{6EFDEAEA-1DE5-457D-868B-C8A8373EFF3D}.Release|x86.Build.0 = Release|Win32
		{8DEF7FE9-D20B-4DD6-AC6D-5FDDFD91FA66}.Debug|x64.ActiveCfg = Debug|x64
		{8DEF7FE9-D20B-4DD6-AC6D-5FDDFD91FA66}.Debug|x64.Build.0 = Debug|x64
		{8DEF7FE9-D20B-4DD6-AC6D-5FDDFD91FA66}.Debug|x86.ActiveCfg = Debug|Win32
		{8DEF7FE9-D20B-4DD6-AC6D-5FDDFD91FA66}.Debug|x86.Build.0 = Debug|Win32
		{8DEF7FE9-D20B-4DD6-AC6D-5FDDFD91FA66}.Release|x64.ActiveCfg = Release|x64
		{8DEF7FE9-D20B-4DD6-AC6D-5FDDFD91FA66}.Release|x64.Build.0 = Release|x64
		{8DEF7FE9-D20B-4DD6-AC6D-5FDDFD91FA66}.Release|x86.ActiveCfg = Release|Win32
		{8DEF7FE9-D20B-4DD6-AC6D-5FDDFD91FA66}.Release|x86.Build.0 = Release|Win32
		{CCC14ED0-26AC-405C-9FBC-25F6C5DD4BA7}.Debug|x64.ActiveCfg = Debug|x64
		{CCC14ED0-26AC-405C-9FBC-25F6C5DD4BA7}.Debug|x64.Build.0 = Debug|x64
		{CCC14ED0-26AC-405C-9FBC-25F6C5DD4BA7}.Debug|x86.ActiveCfg = Debug|Win32
		{CCC14ED0-26AC-405C-9FBC-25F6C5DD4BA7}.Debug|x86.Build.0 = Debug|Win32
		{CCC14ED0-26AC-405C-9FBC-25F6C5DD4BA7}.Release|x64.ActiveCfg = Release|x64
		{CCC14ED0-26AC-405C-9FBC-25F6C5DD4BA7}.Release|x64.Build.0 = Release|x64
		{CCC14ED0-26AC-405C-9FBC-25F6C5DD4BA7}.Release|x86.ActiveCfg = Release|Win32
		{CCC14ED0-26AC-405C-9FBC-25F6C5DD4BA7}.Release|x86.Build.0 = Release|Win32
		{59E680FE-D464-475A-996D-2CE12E9702E7}.Debug|x64.ActiveCfg = Debug|x64
		{59E680FE-D464-475A-996D-2CE12E9702E7}.Debug|x64.Build.0 = Debug|x64
		{59E680FE-D464-475A-996D-2CE12E9702E7}.Debug|x86.ActiveCfg = Debug|Win32
		{59E680FE-D464-475A-996D-2CE12E9702E7}.Debug|x86.Build.0 = Debug|Win32
		{59E680FE-D464-475A-996D-2CE12E9702E7}.Release|x64.ActiveCfg = Release|x64
		{59E680FE-D464-475A-996D-2CE12E9702E7}.Release|x64.Build.0 = Release|x64
		{59E680FE-D464-475A-996D-2CE12E9702E7}.Release|x86.ActiveCfg = Release|Win32
		{59E680FE-D464-475A-996D-2CE12E9702E7}.Release|x86.Build.0 = Release|Win32
		{3736E05C-BA45-4927-9AA1-4530CBF60A26}.Debug|x64.ActiveCfg = Debug|x64
		{3736E05C-BA45-4927-9AA1-4530CBF60A26}.Debug|x64.Build.0 = Debug|x64
		{3736E05C-BA45-4927-9AA1-4530CBF60A26}.Debug|x86.ActiveCfg = Debug|Win32
		{3736E05C-BA45-4927-9AA1-4530CBF60A26}.Debug|x86.Build.0 = Debug|Win32
		{3736E05C-BA45-4927-9AA1-4530CBF60A26}.Release|x64.ActiveCfg = Release|x64
		{3736E05C-BA45-4927-9AA1-4530CBF60A26}.Release|x64.Build.0 = Release|x64
		{3736E05C-BA45-4927-9AA1-4530CBF60A26}.Release|x86.ActiveCfg = Release|Win32
		{3736E05C-BA45-4927-9AA1-4530CBF60A26}.Release|x86.Build.0 = Release|Win32
		{527B855C-2CD4-41C8-B287-35F9E9513818}.Debug|x64.ActiveCfg = Debug|x64
		{527B855C-2CD4-41C8-B287-35F9E9513818}.Debug|x64.Build.0 = Debug|x64
		{527B855C-2CD4-41C8-B287-35F9E9513818}.Debug|x86.ActiveCfg = Debug|Win32
		{527B855C-2CD4-41C8-B287-35F9E9513818}.Debug|x86.Build.0 = Debug|Win32
		{527B855C-2CD4-41C8-B287-35F9E9513818}.Release|x64.ActiveCfg = Release|x64
		{527B855C-2CD4-41C8-B287-35F9E9513818}.Release|x64.Build.0 = Release|x64
		{527B855C-2CD4-41C8-B287-35F9E9513818}.Release|x86.ActiveCfg = Release|Win32
		{527B855C-2CD4-41C8-B287-35F9E9513818}.Release|x86.Build.0 = Release|Win32
		{D5732E2C-E689-4F83-8DB4-5B3F3A66D72F}.Debug|x64.ActiveCfg = Debug|x64
		{D5732E2C-E689-4F83-8DB4-5B3F3A66D72F}.Debug|x64.Build.0 = Debug|x64
		{D5732E2C-E689-4F83-8DB4-5B3F3A66D72F}.Debug|x86.ActiveCfg = Debug|Win32
		{D5732E2C-E689-4F83-8DB4-5B3F3A66D72F}.Debug|x86.Build.0 = Debug|Win32
		{D5732E2C-E689-4F83-8DB4-5B3F3A66D72F}.Release|x64.ActiveCfg = Release|x64
		{D5732E2C-E689-4F83-8DB4-5B3F3A66D72F}.Release|x64.Build.0 = Release|x64
		{D5732E2C-E689-4F83-8DB4-5B3F3A66D72F}.Release|x86.ActiveCfg = Release|Win32
		{D5732E2C-E689-4F83-8DB4-5B3F3A66D72F}.Release|x86.Build.0 = Release|Win32
		{922BDC25-675C-4516-8B0B-61D8D4CD9C0A}.Debug|x64.ActiveCfg = Debug|x64
		{922BDC25-675C-4516-8B0B-61D8D4CD9C0A}.Debug|x64.Build.0 = Debug|x64
		{922BDC25-675C-4516-8B0B-61D8D4CD9C0A}.Debug|x86.ActiveCfg = Debug|Win32
		{922BDC25-675C-4516-8B0B-61D8D4CD9C0A}.Debug|x86.Build.0 = Debug|Win32
		{922BDC25-675C-4516-8B0B-61D8D4CD9C0A}.Release|x64.ActiveCfg = Release|x64
		{922BDC25-675C-4516-8B0B-61D8D4CD9C0A}.Release|x64.Build.0 = Release|x64
		{922BDC25-675C-4516-8B0B-61D8D4CD9C0A}.Release|x86.ActiveCfg = Release|Win32
		{922BDC25-675C-4516-8B0B-61D8D4CD9C0A}.Release|x86.Build.0 = Release|Win32
		{E106C149-953F-4AEE-9D5C-FADB23D28E90}.Debug|x64.ActiveCfg = Debug|x64
		{E106C149-953F-4AEE-9D5C-FADB23D28E90}.Debug|x64.Build.0 = Debug|x64
		{E106C149-953F-4AEE-9D5C-FADB23D28E90}.Debug|x86.ActiveCfg = Debug|Win32
		{E106C149-953F-4AEE-9D5C-FADB23D28E90}.Debug|x86.Build.0 = Debug|Win32
		{E106C149-953F-4AEE-9D5C-FADB23D28E90}.Release|x64.ActiveCfg = Release|x64
		{E106C149-953F-4AEE-9D5C-FADB23D28E90}.Release|x64.Build.0 = Release|x64
		{E106C149-953F-4AEE-9D5C-FADB23D28E90}.Release|x86.ActiveCfg = Release|Win32
		{E106C149-953F-4AEE-9D5C-FADB23D28E90}.Release|x86.Build.0 = Release|Win32
		{CD203B6F-9D1F-4603-91F7-ADEC06AB8E1C}.Debug|x64.ActiveCfg = Debug|x64
		{CD203B6F-9D1F-4603-91F7-ADEC06AB8E1C}.Debug|x64.Build.0 = Debug|x64
		{CD203B6F-9D1F-4603-91F7-ADEC06AB8E1C}.Debug|x86.ActiveCfg = Debug|Win32
		{CD203B6F-9D1F-4603-91F7-ADEC06AB8E1C}.Debug|x86.Build.0 = Debug|Win32
		{CD203B6F-9D1F-4603-91F7-ADEC06AB8E1C}.Release|x64.ActiveCfg = Release|x64
		{CD203B6F-9D1F-4603-91F7-ADEC06AB8E1C}.Release|x64.Build.0 = Release|x64
		{CD203B6F-9D1F-4603-91F7-ADEC06AB8E1C}.Release|x86.ActiveCfg = Release|Win32
		{CD203B6F-9D1F-4603-91F7-ADEC06AB8E1C}.Release|x86.Build.0 = Release|Win32
		{7C3424C3-3CFC-4EAE-BCEA-B6F86C05F600}.Debug|x64.ActiveCfg = Debug|x64
		{7C3424C3-3CFC-4EAE-BCEA-B6F86C05F600}.Debug|x64.Build.0 = Debug|x64
		{7C3424C3-3CFC-4EAE-BCEA-B6F86C05F600}.Debug|x86.ActiveCfg = Debug|Win32
		{7C3424C3-3CFC-4EAE-BCEA-B6F86C05F600}.Debug|x86.Build.0 = Debug|Win32
		{7C3424C3-3CFC-4EAE-BCEA-B6F86C05F600}.Release|x64.ActiveCfg = Release|x64
		{7C3424C3-3CFC-4EAE-BCEA-B6F86C05F600}.Release|x64.Build.0 = Release|x64
		{7C3424C3-3CFC-4EAE-BCEA-B6F86C05F600}.Release|x86.ActiveCfg = Release|Win32
		{7C3424C3-3CFC-4EAE-BCEA-B6F86C05F600}.Release|x86.Build.0 = Release|Win32
		{3A42B2C2-B840-4329-BFE1-62A5BD877C25}.Debug|x64.ActiveCfg = Debug|x64
		{3A42B2C2-B840-4329-BFE1-62A5BD877C25}.Debug|x64.Build.0 = Debug|x64
		{3A42B2C2-B840-4329-BFE1-62A5BD877C25}.Debug|x86.ActiveCfg = Debug|Win32
		{3A42B2C2-B840-4329-BFE1-62A5BD877C25}.Debug|x86.Build.0 = Debug|Win32
		{3A42B2C2-B840-4329-BFE1-62A5BD877C25}.Release|x64.ActiveCfg = Release|x64
		{3A42B2C2-B840-4329-BFE1-62A5BD877C25}.Release|x64.Build.0 = Release|x64
		{3A42B2C2-B840-4329-BFE1-62A5BD877C25}.Release|x86.ActiveCfg = Release|Win32
		{3A42B2C2-B840-4329-BFE1-62A5BD877C25}.Release|x86.Build.0 = Release|Win32
		{DBB7E235-E51D-4A8A-8FB7-F96EC7FB4843}.Debug|x64.ActiveCfg = Debug|x64
		{DBB7E235-E51D-4A8A-8FB7-F96EC7FB4843}.Debug|x64.Build.0 = Debug|x64
		{DBB7E235-E51D-4A8A-8FB7-F96EC7FB4843}.Debug|x86.ActiveCfg = Debug|Win32
		{DBB7E235-E51D-4A8A-8FB7-F96EC7FB4843}.Debug|x86.Build.0 = Debug|Win32
		{DBB7E235-E51D-4A8A-8FB7-F96EC7FB4843}.Release|x64.ActiveCfg = Release|x64
		{DBB7E235-E51D-4A8A-8FB7-F96EC7FB4843}.Release|x64.Build.0 = Release|x64
		{DBB7E235-E51D-4A8A-8FB7-F96EC7FB4843}.Release|x86.ActiveCfg = Release|Win32
		{DBB7E235-E51D-4A8A-8FB7-F96EC7FB4843}.Release|x86.Build.0 = Release|Win32
	EndGlobalSection
	GlobalSection(SolutionProperties) = preSolution
		HideSolutionNode = FALSE
	EndGlobalSection
	GlobalSection(ExtensibilityGlobals) = postSolution
		SolutionGuid = {11D1F80C-8EF4-4474-9D62-B449FFBA39A8}
	EndGlobalSection
EndGlobal
