
Microsoft Visual Studio Solution File, Format Version 12.00
# Visual Studio Version 17
VisualStudioVersion = 17.0.32112.339
MinimumVisualStudioVersion = 10.0.40219.1
Project("{8BC9CEB8-8B4A-11D0-8D11-00A0C91BC942}") = "000형상관리툴scm", "ConsoleApplication1\ConsoleApplication1.vcxproj", "{BEF2FED3-AB7A-49C2-A93B-7C6635D1EB5C}"
EndProject
Project("{8BC9CEB8-8B4A-11D0-8D11-00A0C91BC942}") = "002프로젝트project", "프로젝트project\프로젝트project.vcxproj", "{5FF130DD-E14E-4D0A-863E-70444A37942F}"
EndProject
Project("{8BC9CEB8-8B4A-11D0-8D11-00A0C91BC942}") = "003컴파일complie", "003컴파일complie\003컴파일complie.vcxproj", "{F72A79FF-6F83-433E-B6EF-D684D50251B1}"
EndProject
Global
	GlobalSection(SolutionConfigurationPlatforms) = preSolution
		Debug|x64 = Debug|x64
		Debug|x86 = Debug|x86
		Release|x64 = Release|x64
		Release|x86 = Release|x86
	EndGlobalSection
	GlobalSection(ProjectConfigurationPlatforms) = postSolution
		{BEF2FED3-AB7A-49C2-A93B-7C6635D1EB5C}.Debug|x64.ActiveCfg = Debug|x64
		{BEF2FED3-AB7A-49C2-A93B-7C6635D1EB5C}.Debug|x64.Build.0 = Debug|x64
		{BEF2FED3-AB7A-49C2-A93B-7C6635D1EB5C}.Debug|x86.ActiveCfg = Debug|Win32
		{BEF2FED3-AB7A-49C2-A93B-7C6635D1EB5C}.Debug|x86.Build.0 = Debug|Win32
		{BEF2FED3-AB7A-49C2-A93B-7C6635D1EB5C}.Release|x64.ActiveCfg = Release|x64
		{BEF2FED3-AB7A-49C2-A93B-7C6635D1EB5C}.Release|x64.Build.0 = Release|x64
		{BEF2FED3-AB7A-49C2-A93B-7C6635D1EB5C}.Release|x86.ActiveCfg = Release|Win32
		{BEF2FED3-AB7A-49C2-A93B-7C6635D1EB5C}.Release|x86.Build.0 = Release|Win32
		{5FF130DD-E14E-4D0A-863E-70444A37942F}.Debug|x64.ActiveCfg = Debug|x64
		{5FF130DD-E14E-4D0A-863E-70444A37942F}.Debug|x64.Build.0 = Debug|x64
		{5FF130DD-E14E-4D0A-863E-70444A37942F}.Debug|x86.ActiveCfg = Debug|Win32
		{5FF130DD-E14E-4D0A-863E-70444A37942F}.Debug|x86.Build.0 = Debug|Win32
		{5FF130DD-E14E-4D0A-863E-70444A37942F}.Release|x64.ActiveCfg = Release|x64
		{5FF130DD-E14E-4D0A-863E-70444A37942F}.Release|x64.Build.0 = Release|x64
		{5FF130DD-E14E-4D0A-863E-70444A37942F}.Release|x86.ActiveCfg = Release|Win32
		{5FF130DD-E14E-4D0A-863E-70444A37942F}.Release|x86.Build.0 = Release|Win32
		{F72A79FF-6F83-433E-B6EF-D684D50251B1}.Debug|x64.ActiveCfg = Debug|x64
		{F72A79FF-6F83-433E-B6EF-D684D50251B1}.Debug|x64.Build.0 = Debug|x64
		{F72A79FF-6F83-433E-B6EF-D684D50251B1}.Debug|x86.ActiveCfg = Debug|Win32
		{F72A79FF-6F83-433E-B6EF-D684D50251B1}.Debug|x86.Build.0 = Debug|Win32
		{F72A79FF-6F83-433E-B6EF-D684D50251B1}.Release|x64.ActiveCfg = Release|x64
		{F72A79FF-6F83-433E-B6EF-D684D50251B1}.Release|x64.Build.0 = Release|x64
		{F72A79FF-6F83-433E-B6EF-D684D50251B1}.Release|x86.ActiveCfg = Release|Win32
		{F72A79FF-6F83-433E-B6EF-D684D50251B1}.Release|x86.Build.0 = Release|Win32
	EndGlobalSection
	GlobalSection(SolutionProperties) = preSolution
		HideSolutionNode = FALSE
	EndGlobalSection
	GlobalSection(ExtensibilityGlobals) = postSolution
		SolutionGuid = {11D1F80C-8EF4-4474-9D62-B449FFBA39A8}
	EndGlobalSection
EndGlobal
